// !$*UTF8*$!
{
	archiveVersion = 1;
	classes = {
	};
	objectVersion = 55;
	objects = {

/* Begin PBXBuildFile section */
		3C3ED91628741466001A6865 /* Alamofire in Frameworks */ = {isa = PBXBuildFile; productRef = 3C3ED91528741466001A6865 /* Alamofire */; };
		3C3ED91828741612001A6865 /* VKAuthViewController.swift in Sources */ = {isa = PBXBuildFile; fileRef = 3C3ED91728741612001A6865 /* VKAuthViewController.swift */; };
		3C3ED91A2874326B001A6865 /* UIImage + Extension.swift in Sources */ = {isa = PBXBuildFile; fileRef = 3C3ED9192874326B001A6865 /* UIImage + Extension.swift */; };
		3C3ED91C2874391E001A6865 /* VkNetworkService.swift in Sources */ = {isa = PBXBuildFile; fileRef = 3C3ED91B2874391E001A6865 /* VkNetworkService.swift */; };
		3C3ED91F2874633B001A6865 /* Kingfisher in Frameworks */ = {isa = PBXBuildFile; productRef = 3C3ED91E2874633B001A6865 /* Kingfisher */; };
		3C3ED921287468CF001A6865 /* Photo.swift in Sources */ = {isa = PBXBuildFile; fileRef = 3C3ED920287468CF001A6865 /* Photo.swift */; };
		3C58F50F289D1C7B00778BAC /* NewsPresenter.swift in Sources */ = {isa = PBXBuildFile; fileRef = 3C58F508289D1C7B00778BAC /* NewsPresenter.swift */; };
		3C58F510289D1C7B00778BAC /* NewsWorker.swift in Sources */ = {isa = PBXBuildFile; fileRef = 3C58F509289D1C7B00778BAC /* NewsWorker.swift */; };
		3C58F511289D1C7B00778BAC /* NewsRouter.swift in Sources */ = {isa = PBXBuildFile; fileRef = 3C58F50A289D1C7B00778BAC /* NewsRouter.swift */; };
		3C58F512289D1C7B00778BAC /* NewsModels.swift in Sources */ = {isa = PBXBuildFile; fileRef = 3C58F50B289D1C7B00778BAC /* NewsModels.swift */; };
		3C58F513289D1C7B00778BAC /* NewsViewController.swift in Sources */ = {isa = PBXBuildFile; fileRef = 3C58F50C289D1C7B00778BAC /* NewsViewController.swift */; };
		3C58F514289D1C7B00778BAC /* NewsInteractor.swift in Sources */ = {isa = PBXBuildFile; fileRef = 3C58F50D289D1C7B00778BAC /* NewsInteractor.swift */; };
		3C58F517289D4A1A00778BAC /* NewsFeed.swift in Sources */ = {isa = PBXBuildFile; fileRef = 3C58F516289D4A1A00778BAC /* NewsFeed.swift */; };
		3C58F519289EA07000778BAC /* NewsCentralCell.swift in Sources */ = {isa = PBXBuildFile; fileRef = 3C58F518289EA06F00778BAC /* NewsCentralCell.swift */; };
		3C790C8F286CDDA2007AA1C6 /* AppDelegate.swift in Sources */ = {isa = PBXBuildFile; fileRef = 3C790C8E286CDDA2007AA1C6 /* AppDelegate.swift */; };
		3C790C91286CDDA2007AA1C6 /* SceneDelegate.swift in Sources */ = {isa = PBXBuildFile; fileRef = 3C790C90286CDDA2007AA1C6 /* SceneDelegate.swift */; };
		3C790C98286CDDA7007AA1C6 /* Assets.xcassets in Resources */ = {isa = PBXBuildFile; fileRef = 3C790C97286CDDA7007AA1C6 /* Assets.xcassets */; };
		3C790C9B286CDDA7007AA1C6 /* LaunchScreen.storyboard in Resources */ = {isa = PBXBuildFile; fileRef = 3C790C99286CDDA7007AA1C6 /* LaunchScreen.storyboard */; };
		3C790CAA286CE0BD007AA1C6 /* SnapKit in Frameworks */ = {isa = PBXBuildFile; productRef = 3C790CA9286CE0BD007AA1C6 /* SnapKit */; };
		3C790CAD286CE2C7007AA1C6 /* UIStackView + Extension.swift in Sources */ = {isa = PBXBuildFile; fileRef = 3C790CAC286CE2C7007AA1C6 /* UIStackView + Extension.swift */; };
		3C790CAF286CE423007AA1C6 /* UITextField + Extension.swift in Sources */ = {isa = PBXBuildFile; fileRef = 3C790CAE286CE423007AA1C6 /* UITextField + Extension.swift */; };
		3C790CB3286CE43E007AA1C6 /* UILabel + Extesion.swift in Sources */ = {isa = PBXBuildFile; fileRef = 3C790CB2286CE43E007AA1C6 /* UILabel + Extesion.swift */; };
		3C790CB5286CE453007AA1C6 /* UIButton + Extension.swift in Sources */ = {isa = PBXBuildFile; fileRef = 3C790CB4286CE453007AA1C6 /* UIButton + Extension.swift */; };
		3C790CBA286D61E3007AA1C6 /* Lorem.swift in Sources */ = {isa = PBXBuildFile; fileRef = 3C790CB6286D61E2007AA1C6 /* Lorem.swift */; };
		3C790CBB286D61E3007AA1C6 /* LoremExtension.swift in Sources */ = {isa = PBXBuildFile; fileRef = 3C790CB7286D61E2007AA1C6 /* LoremExtension.swift */; };
		3C790CBC286D61E3007AA1C6 /* UIScrollViewExtension.swift in Sources */ = {isa = PBXBuildFile; fileRef = 3C790CB8286D61E2007AA1C6 /* UIScrollViewExtension.swift */; };
		3C790CBD286D61E3007AA1C6 /* UIViewExtension.swift in Sources */ = {isa = PBXBuildFile; fileRef = 3C790CB9286D61E3007AA1C6 /* UIViewExtension.swift */; };
		3C9BB9E62870C4DC005F5F27 /* MainTabBarCotroller.swift in Sources */ = {isa = PBXBuildFile; fileRef = 3C9BB9E52870C4DC005F5F27 /* MainTabBarCotroller.swift */; };
		3C9BB9E82870C6D3005F5F27 /* FriendsViewController.swift in Sources */ = {isa = PBXBuildFile; fileRef = 3C9BB9E72870C6D3005F5F27 /* FriendsViewController.swift */; };
		3C9BB9EF2870D364005F5F27 /* Friend.swift in Sources */ = {isa = PBXBuildFile; fileRef = 3C9BB9EE2870D364005F5F27 /* Friend.swift */; };
		3C9BB9F22870D391005F5F27 /* Group.swift in Sources */ = {isa = PBXBuildFile; fileRef = 3C9BB9F12870D391005F5F27 /* Group.swift */; };
		3C9BB9F42870D39A005F5F27 /* NewsItem.swift in Sources */ = {isa = PBXBuildFile; fileRef = 3C9BB9F32870D39A005F5F27 /* NewsItem.swift */; };
		3C9BB9F72870D863005F5F27 /* FriendCell.swift in Sources */ = {isa = PBXBuildFile; fileRef = 3C9BB9F62870D863005F5F27 /* FriendCell.swift */; };
		3C9BB9FB2870DA9E005F5F27 /* Constants.swift in Sources */ = {isa = PBXBuildFile; fileRef = 3C9BB9FA2870DA9E005F5F27 /* Constants.swift */; };
		3C9BB9FD2870F091005F5F27 /* GroupCell.swift in Sources */ = {isa = PBXBuildFile; fileRef = 3C9BB9FC2870F090005F5F27 /* GroupCell.swift */; };
		3C9BB9FF28717229005F5F27 /* MyGroupViewController.swift in Sources */ = {isa = PBXBuildFile; fileRef = 3C9BB9FE28717229005F5F27 /* MyGroupViewController.swift */; };
		3C9BBA012871728D005F5F27 /* AllGroupViewController.swift in Sources */ = {isa = PBXBuildFile; fileRef = 3C9BBA002871728D005F5F27 /* AllGroupViewController.swift */; };
		3C9BBA572872ECE2005F5F27 /* PhotosViewController.swift in Sources */ = {isa = PBXBuildFile; fileRef = 3C9BBA562872ECE2005F5F27 /* PhotosViewController.swift */; };
		3C9BBA592872EF5C005F5F27 /* PhotosCell.swift in Sources */ = {isa = PBXBuildFile; fileRef = 3C9BBA582872EF5C005F5F27 /* PhotosCell.swift */; };
		3C9BBA5B2872F9DD005F5F27 /* SliderViewController.swift in Sources */ = {isa = PBXBuildFile; fileRef = 3C9BBA5A2872F9DD005F5F27 /* SliderViewController.swift */; };
		3C9BBA5D28734914005F5F27 /* SliderPhotoCell.swift in Sources */ = {isa = PBXBuildFile; fileRef = 3C9BBA5C28734914005F5F27 /* SliderPhotoCell.swift */; };
		3CA5FDB0289713C000FF59BC /* NewsHeaderCell.swift in Sources */ = {isa = PBXBuildFile; fileRef = 3CA5FDAF289713C000FF59BC /* NewsHeaderCell.swift */; };
		3CA5FDB22897264B00FF59BC /* NewsFooterCell.swift in Sources */ = {isa = PBXBuildFile; fileRef = 3CA5FDB12897264B00FF59BC /* NewsFooterCell.swift */; };
/* End PBXBuildFile section */

/* Begin PBXFileReference section */
		3C3ED91728741612001A6865 /* VKAuthViewController.swift */ = {isa = PBXFileReference; lastKnownFileType = sourcecode.swift; path = VKAuthViewController.swift; sourceTree = "<group>"; };
		3C3ED9192874326B001A6865 /* UIImage + Extension.swift */ = {isa = PBXFileReference; fileEncoding = 4; lastKnownFileType = sourcecode.swift; path = "UIImage + Extension.swift"; sourceTree = "<group>"; };
		3C3ED91B2874391E001A6865 /* VkNetworkService.swift */ = {isa = PBXFileReference; lastKnownFileType = sourcecode.swift; path = VkNetworkService.swift; sourceTree = "<group>"; };
		3C3ED920287468CF001A6865 /* Photo.swift */ = {isa = PBXFileReference; lastKnownFileType = sourcecode.swift; path = Photo.swift; sourceTree = "<group>"; };
		3C58F508289D1C7B00778BAC /* NewsPresenter.swift */ = {isa = PBXFileReference; lastKnownFileType = sourcecode.swift; path = NewsPresenter.swift; sourceTree = "<group>"; };
		3C58F509289D1C7B00778BAC /* NewsWorker.swift */ = {isa = PBXFileReference; lastKnownFileType = sourcecode.swift; path = NewsWorker.swift; sourceTree = "<group>"; };
		3C58F50A289D1C7B00778BAC /* NewsRouter.swift */ = {isa = PBXFileReference; lastKnownFileType = sourcecode.swift; path = NewsRouter.swift; sourceTree = "<group>"; };
		3C58F50B289D1C7B00778BAC /* NewsModels.swift */ = {isa = PBXFileReference; lastKnownFileType = sourcecode.swift; path = NewsModels.swift; sourceTree = "<group>"; };
		3C58F50C289D1C7B00778BAC /* NewsViewController.swift */ = {isa = PBXFileReference; lastKnownFileType = sourcecode.swift; path = NewsViewController.swift; sourceTree = "<group>"; };
		3C58F50D289D1C7B00778BAC /* NewsInteractor.swift */ = {isa = PBXFileReference; lastKnownFileType = sourcecode.swift; path = NewsInteractor.swift; sourceTree = "<group>"; };
		3C58F516289D4A1A00778BAC /* NewsFeed.swift */ = {isa = PBXFileReference; lastKnownFileType = sourcecode.swift; path = NewsFeed.swift; sourceTree = "<group>"; };
		3C58F518289EA06F00778BAC /* NewsCentralCell.swift */ = {isa = PBXFileReference; lastKnownFileType = sourcecode.swift; path = NewsCentralCell.swift; sourceTree = "<group>"; };
		3C790C8B286CDDA2007AA1C6 /* VkLogin.app */ = {isa = PBXFileReference; explicitFileType = wrapper.application; includeInIndex = 0; path = VkLogin.app; sourceTree = BUILT_PRODUCTS_DIR; };
		3C790C8E286CDDA2007AA1C6 /* AppDelegate.swift */ = {isa = PBXFileReference; lastKnownFileType = sourcecode.swift; path = AppDelegate.swift; sourceTree = "<group>"; };
		3C790C90286CDDA2007AA1C6 /* SceneDelegate.swift */ = {isa = PBXFileReference; lastKnownFileType = sourcecode.swift; path = SceneDelegate.swift; sourceTree = "<group>"; };
		3C790C97286CDDA7007AA1C6 /* Assets.xcassets */ = {isa = PBXFileReference; lastKnownFileType = folder.assetcatalog; path = Assets.xcassets; sourceTree = "<group>"; };
		3C790C9A286CDDA7007AA1C6 /* Base */ = {isa = PBXFileReference; lastKnownFileType = file.storyboard; name = Base; path = Base.lproj/LaunchScreen.storyboard; sourceTree = "<group>"; };
		3C790C9C286CDDA7007AA1C6 /* Info.plist */ = {isa = PBXFileReference; lastKnownFileType = text.plist.xml; path = Info.plist; sourceTree = "<group>"; };
		3C790CAC286CE2C7007AA1C6 /* UIStackView + Extension.swift */ = {isa = PBXFileReference; lastKnownFileType = sourcecode.swift; path = "UIStackView + Extension.swift"; sourceTree = "<group>"; };
		3C790CAE286CE423007AA1C6 /* UITextField + Extension.swift */ = {isa = PBXFileReference; lastKnownFileType = sourcecode.swift; path = "UITextField + Extension.swift"; sourceTree = "<group>"; };
		3C790CB2286CE43E007AA1C6 /* UILabel + Extesion.swift */ = {isa = PBXFileReference; lastKnownFileType = sourcecode.swift; path = "UILabel + Extesion.swift"; sourceTree = "<group>"; };
		3C790CB4286CE453007AA1C6 /* UIButton + Extension.swift */ = {isa = PBXFileReference; lastKnownFileType = sourcecode.swift; path = "UIButton + Extension.swift"; sourceTree = "<group>"; };
		3C790CB6286D61E2007AA1C6 /* Lorem.swift */ = {isa = PBXFileReference; fileEncoding = 4; lastKnownFileType = sourcecode.swift; path = Lorem.swift; sourceTree = "<group>"; };
		3C790CB7286D61E2007AA1C6 /* LoremExtension.swift */ = {isa = PBXFileReference; fileEncoding = 4; lastKnownFileType = sourcecode.swift; path = LoremExtension.swift; sourceTree = "<group>"; };
		3C790CB8286D61E2007AA1C6 /* UIScrollViewExtension.swift */ = {isa = PBXFileReference; fileEncoding = 4; lastKnownFileType = sourcecode.swift; path = UIScrollViewExtension.swift; sourceTree = "<group>"; };
		3C790CB9286D61E3007AA1C6 /* UIViewExtension.swift */ = {isa = PBXFileReference; fileEncoding = 4; lastKnownFileType = sourcecode.swift; path = UIViewExtension.swift; sourceTree = "<group>"; };
		3C9BB9E52870C4DC005F5F27 /* MainTabBarCotroller.swift */ = {isa = PBXFileReference; lastKnownFileType = sourcecode.swift; path = MainTabBarCotroller.swift; sourceTree = "<group>"; };
		3C9BB9E72870C6D3005F5F27 /* FriendsViewController.swift */ = {isa = PBXFileReference; lastKnownFileType = sourcecode.swift; path = FriendsViewController.swift; sourceTree = "<group>"; };
		3C9BB9EE2870D364005F5F27 /* Friend.swift */ = {isa = PBXFileReference; lastKnownFileType = sourcecode.swift; path = Friend.swift; sourceTree = "<group>"; };
		3C9BB9F12870D391005F5F27 /* Group.swift */ = {isa = PBXFileReference; lastKnownFileType = sourcecode.swift; path = Group.swift; sourceTree = "<group>"; };
		3C9BB9F32870D39A005F5F27 /* NewsItem.swift */ = {isa = PBXFileReference; lastKnownFileType = sourcecode.swift; path = NewsItem.swift; sourceTree = "<group>"; };
		3C9BB9F62870D863005F5F27 /* FriendCell.swift */ = {isa = PBXFileReference; lastKnownFileType = sourcecode.swift; path = FriendCell.swift; sourceTree = "<group>"; };
		3C9BB9FA2870DA9E005F5F27 /* Constants.swift */ = {isa = PBXFileReference; lastKnownFileType = sourcecode.swift; path = Constants.swift; sourceTree = "<group>"; };
		3C9BB9FC2870F090005F5F27 /* GroupCell.swift */ = {isa = PBXFileReference; lastKnownFileType = sourcecode.swift; path = GroupCell.swift; sourceTree = "<group>"; };
		3C9BB9FE28717229005F5F27 /* MyGroupViewController.swift */ = {isa = PBXFileReference; lastKnownFileType = sourcecode.swift; path = MyGroupViewController.swift; sourceTree = "<group>"; };
		3C9BBA002871728D005F5F27 /* AllGroupViewController.swift */ = {isa = PBXFileReference; lastKnownFileType = sourcecode.swift; path = AllGroupViewController.swift; sourceTree = "<group>"; };
		3C9BBA562872ECE2005F5F27 /* PhotosViewController.swift */ = {isa = PBXFileReference; lastKnownFileType = sourcecode.swift; path = PhotosViewController.swift; sourceTree = "<group>"; };
		3C9BBA582872EF5C005F5F27 /* PhotosCell.swift */ = {isa = PBXFileReference; lastKnownFileType = sourcecode.swift; path = PhotosCell.swift; sourceTree = "<group>"; };
		3C9BBA5A2872F9DD005F5F27 /* SliderViewController.swift */ = {isa = PBXFileReference; lastKnownFileType = sourcecode.swift; path = SliderViewController.swift; sourceTree = "<group>"; };
		3C9BBA5C28734914005F5F27 /* SliderPhotoCell.swift */ = {isa = PBXFileReference; lastKnownFileType = sourcecode.swift; path = SliderPhotoCell.swift; sourceTree = "<group>"; };
		3CA5FDAF289713C000FF59BC /* NewsHeaderCell.swift */ = {isa = PBXFileReference; lastKnownFileType = sourcecode.swift; path = NewsHeaderCell.swift; sourceTree = "<group>"; };
		3CA5FDB12897264B00FF59BC /* NewsFooterCell.swift */ = {isa = PBXFileReference; lastKnownFileType = sourcecode.swift; path = NewsFooterCell.swift; sourceTree = "<group>"; };
/* End PBXFileReference section */

/* Begin PBXFrameworksBuildPhase section */
		3C790C88286CDDA2007AA1C6 /* Frameworks */ = {
			isa = PBXFrameworksBuildPhase;
			buildActionMask = 2147483647;
			files = (
				3C3ED91F2874633B001A6865 /* Kingfisher in Frameworks */,
				3C790CAA286CE0BD007AA1C6 /* SnapKit in Frameworks */,
				3C3ED91628741466001A6865 /* Alamofire in Frameworks */,
			);
			runOnlyForDeploymentPostprocessing = 0;
		};
/* End PBXFrameworksBuildPhase section */

/* Begin PBXGroup section */
		3C3ED91328741151001A6865 /* Networking Service */ = {
			isa = PBXGroup;
			children = (
				3C3ED91B2874391E001A6865 /* VkNetworkService.swift */,
			);
			path = "Networking Service";
			sourceTree = "<group>";
		};
		3C58F507289D1C5F00778BAC /* News Module */ = {
			isa = PBXGroup;
			children = (
				3C58F509289D1C7B00778BAC /* NewsWorker.swift */,
				3C58F50B289D1C7B00778BAC /* NewsModels.swift */,
				3C58F50A289D1C7B00778BAC /* NewsRouter.swift */,
				3C58F50D289D1C7B00778BAC /* NewsInteractor.swift */,
				3C58F50C289D1C7B00778BAC /* NewsViewController.swift */,
				3C58F508289D1C7B00778BAC /* NewsPresenter.swift */,
			);
			path = "News Module";
			sourceTree = "<group>";
		};
		3C790C82286CDDA2007AA1C6 = {
			isa = PBXGroup;
			children = (
				3C790C8D286CDDA2007AA1C6 /* VkLogin */,
				3C790C8C286CDDA2007AA1C6 /* Products */,
			);
			sourceTree = "<group>";
		};
		3C790C8C286CDDA2007AA1C6 /* Products */ = {
			isa = PBXGroup;
			children = (
				3C790C8B286CDDA2007AA1C6 /* VkLogin.app */,
			);
			name = Products;
			sourceTree = "<group>";
		};
		3C790C8D286CDDA2007AA1C6 /* VkLogin */ = {
			isa = PBXGroup;
			children = (
				3C790CA2286CDEC1007AA1C6 /* App */,
				3C3ED91328741151001A6865 /* Networking Service */,
				3C9BB9F02870D370005F5F27 /* Models */,
				3C9BB9F52870D833005F5F27 /* Views */,
				3C9BB9ED2870D34C005F5F27 /* Controllers */,
				3C790CAB286CE29E007AA1C6 /* Extensions + Helpers */,
			);
			path = VkLogin;
			sourceTree = "<group>";
		};
		3C790CA2286CDEC1007AA1C6 /* App */ = {
			isa = PBXGroup;
			children = (
				3C9BB9FA2870DA9E005F5F27 /* Constants.swift */,
				3C790C8E286CDDA2007AA1C6 /* AppDelegate.swift */,
				3C790C90286CDDA2007AA1C6 /* SceneDelegate.swift */,
				3C790C97286CDDA7007AA1C6 /* Assets.xcassets */,
				3C790C99286CDDA7007AA1C6 /* LaunchScreen.storyboard */,
				3C790C9C286CDDA7007AA1C6 /* Info.plist */,
			);
			path = App;
			sourceTree = "<group>";
		};
		3C790CAB286CE29E007AA1C6 /* Extensions + Helpers */ = {
			isa = PBXGroup;
			children = (
				3C9BB9F82870D870005F5F27 /* Helpers */,
				3C9BB9F92870D899005F5F27 /* UIKit Extensions */,
			);
			path = "Extensions + Helpers";
			sourceTree = "<group>";
		};
		3C9BB9ED2870D34C005F5F27 /* Controllers */ = {
			isa = PBXGroup;
			children = (
				3C3ED91728741612001A6865 /* VKAuthViewController.swift */,
				3C9BB9E52870C4DC005F5F27 /* MainTabBarCotroller.swift */,
				3C9BB9E72870C6D3005F5F27 /* FriendsViewController.swift */,
				3C9BBA562872ECE2005F5F27 /* PhotosViewController.swift */,
				3C9BBA5A2872F9DD005F5F27 /* SliderViewController.swift */,
				3C9BB9FE28717229005F5F27 /* MyGroupViewController.swift */,
				3C9BBA002871728D005F5F27 /* AllGroupViewController.swift */,
				3C58F507289D1C5F00778BAC /* News Module */,
			);
			path = Controllers;
			sourceTree = "<group>";
		};
		3C9BB9F02870D370005F5F27 /* Models */ = {
			isa = PBXGroup;
			children = (
				3C9BB9EE2870D364005F5F27 /* Friend.swift */,
				3C9BB9F12870D391005F5F27 /* Group.swift */,
				3C3ED920287468CF001A6865 /* Photo.swift */,
				3C9BB9F32870D39A005F5F27 /* NewsItem.swift */,
				3C58F516289D4A1A00778BAC /* NewsFeed.swift */,
			);
			path = Models;
			sourceTree = "<group>";
		};
		3C9BB9F52870D833005F5F27 /* Views */ = {
			isa = PBXGroup;
			children = (
				3C9BB9F62870D863005F5F27 /* FriendCell.swift */,
				3C9BB9FC2870F090005F5F27 /* GroupCell.swift */,
				3CA5FDAF289713C000FF59BC /* NewsHeaderCell.swift */,
				3C58F518289EA06F00778BAC /* NewsCentralCell.swift */,
				3CA5FDB12897264B00FF59BC /* NewsFooterCell.swift */,
				3C9BBA582872EF5C005F5F27 /* PhotosCell.swift */,
				3C9BBA5C28734914005F5F27 /* SliderPhotoCell.swift */,
			);
			path = Views;
			sourceTree = "<group>";
		};
		3C9BB9F82870D870005F5F27 /* Helpers */ = {
			isa = PBXGroup;
			children = (
				3C790CB6286D61E2007AA1C6 /* Lorem.swift */,
				3C790CB7286D61E2007AA1C6 /* LoremExtension.swift */,
			);
			path = Helpers;
			sourceTree = "<group>";
		};
		3C9BB9F92870D899005F5F27 /* UIKit Extensions */ = {
			isa = PBXGroup;
			children = (
				3C790CAC286CE2C7007AA1C6 /* UIStackView + Extension.swift */,
				3C790CAE286CE423007AA1C6 /* UITextField + Extension.swift */,
				3C790CB2286CE43E007AA1C6 /* UILabel + Extesion.swift */,
				3C790CB4286CE453007AA1C6 /* UIButton + Extension.swift */,
				3C790CB8286D61E2007AA1C6 /* UIScrollViewExtension.swift */,
				3C790CB9286D61E3007AA1C6 /* UIViewExtension.swift */,
				3C3ED9192874326B001A6865 /* UIImage + Extension.swift */,
			);
			path = "UIKit Extensions";
			sourceTree = "<group>";
		};
/* End PBXGroup section */

/* Begin PBXNativeTarget section */
		3C790C8A286CDDA2007AA1C6 /* VkLogin */ = {
			isa = PBXNativeTarget;
			buildConfigurationList = 3C790C9F286CDDA7007AA1C6 /* Build configuration list for PBXNativeTarget "VkLogin" */;
			buildPhases = (
				3C790C87286CDDA2007AA1C6 /* Sources */,
				3C790C88286CDDA2007AA1C6 /* Frameworks */,
				3C790C89286CDDA2007AA1C6 /* Resources */,
			);
			buildRules = (
			);
			dependencies = (
			);
			name = VkLogin;
			packageProductDependencies = (
				3C790CA9286CE0BD007AA1C6 /* SnapKit */,
				3C3ED91528741466001A6865 /* Alamofire */,
				3C3ED91E2874633B001A6865 /* Kingfisher */,
			);
			productName = VkLogin;
			productReference = 3C790C8B286CDDA2007AA1C6 /* VkLogin.app */;
			productType = "com.apple.product-type.application";
		};
/* End PBXNativeTarget section */

/* Begin PBXProject section */
		3C790C83286CDDA2007AA1C6 /* Project object */ = {
			isa = PBXProject;
			attributes = {
				BuildIndependentTargetsInParallel = 1;
				LastSwiftUpdateCheck = 1340;
				LastUpgradeCheck = 1340;
				TargetAttributes = {
					3C790C8A286CDDA2007AA1C6 = {
						CreatedOnToolsVersion = 13.4.1;
					};
				};
			};
			buildConfigurationList = 3C790C86286CDDA2007AA1C6 /* Build configuration list for PBXProject "VkLogin" */;
			compatibilityVersion = "Xcode 13.0";
			developmentRegion = en;
			hasScannedForEncodings = 0;
			knownRegions = (
				en,
				Base,
			);
			mainGroup = 3C790C82286CDDA2007AA1C6;
			packageReferences = (
				3C790CA8286CE0BD007AA1C6 /* XCRemoteSwiftPackageReference "SnapKit" */,
				3C3ED91428741466001A6865 /* XCRemoteSwiftPackageReference "Alamofire" */,
				3C3ED91D2874633B001A6865 /* XCRemoteSwiftPackageReference "Kingfisher" */,
			);
			productRefGroup = 3C790C8C286CDDA2007AA1C6 /* Products */;
			projectDirPath = "";
			projectRoot = "";
			targets = (
				3C790C8A286CDDA2007AA1C6 /* VkLogin */,
			);
		};
/* End PBXProject section */

/* Begin PBXResourcesBuildPhase section */
		3C790C89286CDDA2007AA1C6 /* Resources */ = {
			isa = PBXResourcesBuildPhase;
			buildActionMask = 2147483647;
			files = (
				3C790C9B286CDDA7007AA1C6 /* LaunchScreen.storyboard in Resources */,
				3C790C98286CDDA7007AA1C6 /* Assets.xcassets in Resources */,
			);
			runOnlyForDeploymentPostprocessing = 0;
		};
/* End PBXResourcesBuildPhase section */

/* Begin PBXSourcesBuildPhase section */
		3C790C87286CDDA2007AA1C6 /* Sources */ = {
			isa = PBXSourcesBuildPhase;
			buildActionMask = 2147483647;
			files = (
				3C9BB9FF28717229005F5F27 /* MyGroupViewController.swift in Sources */,
				3C9BB9FD2870F091005F5F27 /* GroupCell.swift in Sources */,
				3C790CBB286D61E3007AA1C6 /* LoremExtension.swift in Sources */,
				3C58F511289D1C7B00778BAC /* NewsRouter.swift in Sources */,
				3C58F50F289D1C7B00778BAC /* NewsPresenter.swift in Sources */,
				3C9BBA592872EF5C005F5F27 /* PhotosCell.swift in Sources */,
				3C9BB9F72870D863005F5F27 /* FriendCell.swift in Sources */,
				3C9BBA5D28734914005F5F27 /* SliderPhotoCell.swift in Sources */,
				3C3ED91828741612001A6865 /* VKAuthViewController.swift in Sources */,
				3C3ED91C2874391E001A6865 /* VkNetworkService.swift in Sources */,
				3C58F519289EA07000778BAC /* NewsCentralCell.swift in Sources */,
				3C9BB9F22870D391005F5F27 /* Group.swift in Sources */,
				3CA5FDB22897264B00FF59BC /* NewsFooterCell.swift in Sources */,
				3C9BB9E82870C6D3005F5F27 /* FriendsViewController.swift in Sources */,
				3C58F514289D1C7B00778BAC /* NewsInteractor.swift in Sources */,
				3CA5FDB0289713C000FF59BC /* NewsHeaderCell.swift in Sources */,
				3C58F513289D1C7B00778BAC /* NewsViewController.swift in Sources */,
				3C9BBA572872ECE2005F5F27 /* PhotosViewController.swift in Sources */,
				3C790CBD286D61E3007AA1C6 /* UIViewExtension.swift in Sources */,
				3C58F510289D1C7B00778BAC /* NewsWorker.swift in Sources */,
				3C9BB9E62870C4DC005F5F27 /* MainTabBarCotroller.swift in Sources */,
				3C9BB9F42870D39A005F5F27 /* NewsItem.swift in Sources */,
				3C58F517289D4A1A00778BAC /* NewsFeed.swift in Sources */,
				3C790CB3286CE43E007AA1C6 /* UILabel + Extesion.swift in Sources */,
				3C9BBA5B2872F9DD005F5F27 /* SliderViewController.swift in Sources */,
				3C790CAF286CE423007AA1C6 /* UITextField + Extension.swift in Sources */,
				3C790CB5286CE453007AA1C6 /* UIButton + Extension.swift in Sources */,
				3C790CBC286D61E3007AA1C6 /* UIScrollViewExtension.swift in Sources */,
				3C58F512289D1C7B00778BAC /* NewsModels.swift in Sources */,
				3C790C8F286CDDA2007AA1C6 /* AppDelegate.swift in Sources */,
				3C9BB9FB2870DA9E005F5F27 /* Constants.swift in Sources */,
				3C790CBA286D61E3007AA1C6 /* Lorem.swift in Sources */,
				3C3ED921287468CF001A6865 /* Photo.swift in Sources */,
				3C790C91286CDDA2007AA1C6 /* SceneDelegate.swift in Sources */,
				3C790CAD286CE2C7007AA1C6 /* UIStackView + Extension.swift in Sources */,
				3C3ED91A2874326B001A6865 /* UIImage + Extension.swift in Sources */,
				3C9BB9EF2870D364005F5F27 /* Friend.swift in Sources */,
				3C9BBA012871728D005F5F27 /* AllGroupViewController.swift in Sources */,
			);
			runOnlyForDeploymentPostprocessing = 0;
		};
/* End PBXSourcesBuildPhase section */

/* Begin PBXVariantGroup section */
		3C790C99286CDDA7007AA1C6 /* LaunchScreen.storyboard */ = {
			isa = PBXVariantGroup;
			children = (
				3C790C9A286CDDA7007AA1C6 /* Base */,
			);
			name = LaunchScreen.storyboard;
			sourceTree = "<group>";
		};
/* End PBXVariantGroup section */

/* Begin XCBuildConfiguration section */
		3C790C9D286CDDA7007AA1C6 /* Debug */ = {
			isa = XCBuildConfiguration;
			buildSettings = {
				ALWAYS_SEARCH_USER_PATHS = NO;
				CLANG_ANALYZER_NONNULL = YES;
				CLANG_ANALYZER_NUMBER_OBJECT_CONVERSION = YES_AGGRESSIVE;
				CLANG_CXX_LANGUAGE_STANDARD = "gnu++17";
				CLANG_ENABLE_MODULES = YES;
				CLANG_ENABLE_OBJC_ARC = YES;
				CLANG_ENABLE_OBJC_WEAK = YES;
				CLANG_WARN_BLOCK_CAPTURE_AUTORELEASING = YES;
				CLANG_WARN_BOOL_CONVERSION = YES;
				CLANG_WARN_COMMA = YES;
				CLANG_WARN_CONSTANT_CONVERSION = YES;
				CLANG_WARN_DEPRECATED_OBJC_IMPLEMENTATIONS = YES;
				CLANG_WARN_DIRECT_OBJC_ISA_USAGE = YES_ERROR;
				CLANG_WARN_DOCUMENTATION_COMMENTS = YES;
				CLANG_WARN_EMPTY_BODY = YES;
				CLANG_WARN_ENUM_CONVERSION = YES;
				CLANG_WARN_INFINITE_RECURSION = YES;
				CLANG_WARN_INT_CONVERSION = YES;
				CLANG_WARN_NON_LITERAL_NULL_CONVERSION = YES;
				CLANG_WARN_OBJC_IMPLICIT_RETAIN_SELF = YES;
				CLANG_WARN_OBJC_LITERAL_CONVERSION = YES;
				CLANG_WARN_OBJC_ROOT_CLASS = YES_ERROR;
				CLANG_WARN_QUOTED_INCLUDE_IN_FRAMEWORK_HEADER = YES;
				CLANG_WARN_RANGE_LOOP_ANALYSIS = YES;
				CLANG_WARN_STRICT_PROTOTYPES = YES;
				CLANG_WARN_SUSPICIOUS_MOVE = YES;
				CLANG_WARN_UNGUARDED_AVAILABILITY = YES_AGGRESSIVE;
				CLANG_WARN_UNREACHABLE_CODE = YES;
				CLANG_WARN__DUPLICATE_METHOD_MATCH = YES;
				COPY_PHASE_STRIP = NO;
				DEBUG_INFORMATION_FORMAT = dwarf;
				ENABLE_STRICT_OBJC_MSGSEND = YES;
				ENABLE_TESTABILITY = YES;
				GCC_C_LANGUAGE_STANDARD = gnu11;
				GCC_DYNAMIC_NO_PIC = NO;
				GCC_NO_COMMON_BLOCKS = YES;
				GCC_OPTIMIZATION_LEVEL = 0;
				GCC_PREPROCESSOR_DEFINITIONS = (
					"DEBUG=1",
					"$(inherited)",
				);
				GCC_WARN_64_TO_32_BIT_CONVERSION = YES;
				GCC_WARN_ABOUT_RETURN_TYPE = YES_ERROR;
				GCC_WARN_UNDECLARED_SELECTOR = YES;
				GCC_WARN_UNINITIALIZED_AUTOS = YES_AGGRESSIVE;
				GCC_WARN_UNUSED_FUNCTION = YES;
				GCC_WARN_UNUSED_VARIABLE = YES;
				IPHONEOS_DEPLOYMENT_TARGET = 15.5;
				MTL_ENABLE_DEBUG_INFO = INCLUDE_SOURCE;
				MTL_FAST_MATH = YES;
				ONLY_ACTIVE_ARCH = YES;
				SDKROOT = iphoneos;
				SWIFT_ACTIVE_COMPILATION_CONDITIONS = DEBUG;
				SWIFT_OPTIMIZATION_LEVEL = "-Onone";
			};
			name = Debug;
		};
		3C790C9E286CDDA7007AA1C6 /* Release */ = {
			isa = XCBuildConfiguration;
			buildSettings = {
				ALWAYS_SEARCH_USER_PATHS = NO;
				CLANG_ANALYZER_NONNULL = YES;
				CLANG_ANALYZER_NUMBER_OBJECT_CONVERSION = YES_AGGRESSIVE;
				CLANG_CXX_LANGUAGE_STANDARD = "gnu++17";
				CLANG_ENABLE_MODULES = YES;
				CLANG_ENABLE_OBJC_ARC = YES;
				CLANG_ENABLE_OBJC_WEAK = YES;
				CLANG_WARN_BLOCK_CAPTURE_AUTORELEASING = YES;
				CLANG_WARN_BOOL_CONVERSION = YES;
				CLANG_WARN_COMMA = YES;
				CLANG_WARN_CONSTANT_CONVERSION = YES;
				CLANG_WARN_DEPRECATED_OBJC_IMPLEMENTATIONS = YES;
				CLANG_WARN_DIRECT_OBJC_ISA_USAGE = YES_ERROR;
				CLANG_WARN_DOCUMENTATION_COMMENTS = YES;
				CLANG_WARN_EMPTY_BODY = YES;
				CLANG_WARN_ENUM_CONVERSION = YES;
				CLANG_WARN_INFINITE_RECURSION = YES;
				CLANG_WARN_INT_CONVERSION = YES;
				CLANG_WARN_NON_LITERAL_NULL_CONVERSION = YES;
				CLANG_WARN_OBJC_IMPLICIT_RETAIN_SELF = YES;
				CLANG_WARN_OBJC_LITERAL_CONVERSION = YES;
				CLANG_WARN_OBJC_ROOT_CLASS = YES_ERROR;
				CLANG_WARN_QUOTED_INCLUDE_IN_FRAMEWORK_HEADER = YES;
				CLANG_WARN_RANGE_LOOP_ANALYSIS = YES;
				CLANG_WARN_STRICT_PROTOTYPES = YES;
				CLANG_WARN_SUSPICIOUS_MOVE = YES;
				CLANG_WARN_UNGUARDED_AVAILABILITY = YES_AGGRESSIVE;
				CLANG_WARN_UNREACHABLE_CODE = YES;
				CLANG_WARN__DUPLICATE_METHOD_MATCH = YES;
				COPY_PHASE_STRIP = NO;
				DEBUG_INFORMATION_FORMAT = "dwarf-with-dsym";
				ENABLE_NS_ASSERTIONS = NO;
				ENABLE_STRICT_OBJC_MSGSEND = YES;
				GCC_C_LANGUAGE_STANDARD = gnu11;
				GCC_NO_COMMON_BLOCKS = YES;
				GCC_WARN_64_TO_32_BIT_CONVERSION = YES;
				GCC_WARN_ABOUT_RETURN_TYPE = YES_ERROR;
				GCC_WARN_UNDECLARED_SELECTOR = YES;
				GCC_WARN_UNINITIALIZED_AUTOS = YES_AGGRESSIVE;
				GCC_WARN_UNUSED_FUNCTION = YES;
				GCC_WARN_UNUSED_VARIABLE = YES;
				IPHONEOS_DEPLOYMENT_TARGET = 15.5;
				MTL_ENABLE_DEBUG_INFO = NO;
				MTL_FAST_MATH = YES;
				SDKROOT = iphoneos;
				SWIFT_COMPILATION_MODE = wholemodule;
				SWIFT_OPTIMIZATION_LEVEL = "-O";
				VALIDATE_PRODUCT = YES;
			};
			name = Release;
		};
		3C790CA0286CDDA7007AA1C6 /* Debug */ = {
			isa = XCBuildConfiguration;
			buildSettings = {
				ASSETCATALOG_COMPILER_APPICON_NAME = AppIcon;
				ASSETCATALOG_COMPILER_GLOBAL_ACCENT_COLOR_NAME = AccentColor;
				CODE_SIGN_STYLE = Automatic;
				CURRENT_PROJECT_VERSION = 1;
				DEVELOPMENT_TEAM = RQYPG8XK25;
				GENERATE_INFOPLIST_FILE = YES;
				INFOPLIST_FILE = VkLogin/App/Info.plist;
				INFOPLIST_KEY_UIApplicationSupportsIndirectInputEvents = YES;
				INFOPLIST_KEY_UILaunchStoryboardName = LaunchScreen;
				INFOPLIST_KEY_UISupportedInterfaceOrientations_iPad = "UIInterfaceOrientationPortrait UIInterfaceOrientationPortraitUpsideDown UIInterfaceOrientationLandscapeLeft UIInterfaceOrientationLandscapeRight";
				INFOPLIST_KEY_UISupportedInterfaceOrientations_iPhone = "UIInterfaceOrientationPortrait UIInterfaceOrientationLandscapeLeft UIInterfaceOrientationLandscapeRight";
				LD_RUNPATH_SEARCH_PATHS = (
					"$(inherited)",
					"@executable_path/Frameworks",
				);
				MARKETING_VERSION = 1.0;
				PRODUCT_BUNDLE_IDENTIFIER = com.ckost9n.VkLogin;
				PRODUCT_NAME = "$(TARGET_NAME)";
				SWIFT_EMIT_LOC_STRINGS = YES;
				SWIFT_VERSION = 5.0;
				TARGETED_DEVICE_FAMILY = "1,2";
			};
			name = Debug;
		};
		3C790CA1286CDDA7007AA1C6 /* Release */ = {
			isa = XCBuildConfiguration;
			buildSettings = {
				ASSETCATALOG_COMPILER_APPICON_NAME = AppIcon;
				ASSETCATALOG_COMPILER_GLOBAL_ACCENT_COLOR_NAME = AccentColor;
				CODE_SIGN_STYLE = Automatic;
				CURRENT_PROJECT_VERSION = 1;
				DEVELOPMENT_TEAM = RQYPG8XK25;
				GENERATE_INFOPLIST_FILE = YES;
				INFOPLIST_FILE = VkLogin/App/Info.plist;
				INFOPLIST_KEY_UIApplicationSupportsIndirectInputEvents = YES;
				INFOPLIST_KEY_UILaunchStoryboardName = LaunchScreen;
				INFOPLIST_KEY_UISupportedInterfaceOrientations_iPad = "UIInterfaceOrientationPortrait UIInterfaceOrientationPortraitUpsideDown UIInterfaceOrientationLandscapeLeft UIInterfaceOrientationLandscapeRight";
				INFOPLIST_KEY_UISupportedInterfaceOrientations_iPhone = "UIInterfaceOrientationPortrait UIInterfaceOrientationLandscapeLeft UIInterfaceOrientationLandscapeRight";
				LD_RUNPATH_SEARCH_PATHS = (
					"$(inherited)",
					"@executable_path/Frameworks",
				);
				MARKETING_VERSION = 1.0;
				PRODUCT_BUNDLE_IDENTIFIER = com.ckost9n.VkLogin;
				PRODUCT_NAME = "$(TARGET_NAME)";
				SWIFT_EMIT_LOC_STRINGS = YES;
				SWIFT_VERSION = 5.0;
				TARGETED_DEVICE_FAMILY = "1,2";
			};
			name = Release;
		};
/* End XCBuildConfiguration section */

/* Begin XCConfigurationList section */
		3C790C86286CDDA2007AA1C6 /* Build configuration list for PBXProject "VkLogin" */ = {
			isa = XCConfigurationList;
			buildConfigurations = (
				3C790C9D286CDDA7007AA1C6 /* Debug */,
				3C790C9E286CDDA7007AA1C6 /* Release */,
			);
			defaultConfigurationIsVisible = 0;
			defaultConfigurationName = Release;
		};
		3C790C9F286CDDA7007AA1C6 /* Build configuration list for PBXNativeTarget "VkLogin" */ = {
			isa = XCConfigurationList;
			buildConfigurations = (
				3C790CA0286CDDA7007AA1C6 /* Debug */,
				3C790CA1286CDDA7007AA1C6 /* Release */,
			);
			defaultConfigurationIsVisible = 0;
			defaultConfigurationName = Release;
		};
/* End XCConfigurationList section */

/* Begin XCRemoteSwiftPackageReference section */
		3C3ED91428741466001A6865 /* XCRemoteSwiftPackageReference "Alamofire" */ = {
			isa = XCRemoteSwiftPackageReference;
			repositoryURL = "https://github.com/Alamofire/Alamofire.git";
			requirement = {
				branch = master;
				kind = branch;
			};
		};
		3C3ED91D2874633B001A6865 /* XCRemoteSwiftPackageReference "Kingfisher" */ = {
			isa = XCRemoteSwiftPackageReference;
			repositoryURL = "https://github.com/onevcat/Kingfisher.git";
			requirement = {
				branch = master;
				kind = branch;
			};
		};
		3C790CA8286CE0BD007AA1C6 /* XCRemoteSwiftPackageReference "SnapKit" */ = {
			isa = XCRemoteSwiftPackageReference;
			repositoryURL = "https://github.com/SnapKit/SnapKit.git";
			requirement = {
				branch = develop;
				kind = branch;
			};
		};
/* End XCRemoteSwiftPackageReference section */

/* Begin XCSwiftPackageProductDependency section */
		3C3ED91528741466001A6865 /* Alamofire */ = {
			isa = XCSwiftPackageProductDependency;
			package = 3C3ED91428741466001A6865 /* XCRemoteSwiftPackageReference "Alamofire" */;
			productName = Alamofire;
		};
		3C3ED91E2874633B001A6865 /* Kingfisher */ = {
			isa = XCSwiftPackageProductDependency;
			package = 3C3ED91D2874633B001A6865 /* XCRemoteSwiftPackageReference "Kingfisher" */;
			productName = Kingfisher;
		};
		3C790CA9286CE0BD007AA1C6 /* SnapKit */ = {
			isa = XCSwiftPackageProductDependency;
			package = 3C790CA8286CE0BD007AA1C6 /* XCRemoteSwiftPackageReference "SnapKit" */;
			productName = SnapKit;
		};
/* End XCSwiftPackageProductDependency section */
	};
	rootObject = 3C790C83286CDDA2007AA1C6 /* Project object */;
}
